
Microsoft Visual Studio Solution File, Format Version 12.00
# Visual Studio Version 17
VisualStudioVersion = 17.9.34728.123
MinimumVisualStudioVersion = 10.0.40219.1
Project("{9A19103F-16F7-4668-BE54-9A1E7A4F7556}") = "TodoListDemo", "TodoListDemo.csproj", "{0D9D3F61-9C9D-40FF-9712-5C20FFE831CD}"
EndProject
Project("{9A19103F-16F7-4668-BE54-9A1E7A4F7556}") = "TodoListDemo.Tests", "..\TodoListDemo.Tests\TodoListDemo.Tests.csproj", "{E28642B5-A1BB-47CA-8468-F24B8EC7A9F4}"
EndProject
Project("{2150E333-8FDC-42A3-9474-1A3956D46DE8}") = "Solution Items", "Solution Items", "{E8F0B287-2C40-4F23-964C-D34496E0F177}"
	ProjectSection(SolutionItems) = preProject
		README.md = README.md
	EndProjectSection
EndProject
Global
	GlobalSection(SolutionConfigurationPlatforms) = preSolution
		Debug|Any CPU = Debug|Any CPU
		Release|Any CPU = Release|Any CPU
	EndGlobalSection
	GlobalSection(ProjectConfigurationPlatforms) = postSolution
		{0D9D3F61-9C9D-40FF-9712-5C20FFE831CD}.Debug|Any CPU.ActiveCfg = Debug|Any CPU
		{0D9D3F61-9C9D-40FF-9712-5C20FFE831CD}.Debug|Any CPU.Build.0 = Debug|Any CPU
		{0D9D3F61-9C9D-40FF-9712-5C20FFE831CD}.Release|Any CPU.ActiveCfg = Release|Any CPU
		{0D9D3F61-9C9D-40FF-9712-5C20FFE831CD}.Release|Any CPU.Build.0 = Release|Any CPU
		{E28642B5-A1BB-47CA-8468-F24B8EC7A9F4}.Debug|Any CPU.ActiveCfg = Debug|Any CPU
		{E28642B5-A1BB-47CA-8468-F24B8EC7A9F4}.Debug|Any CPU.Build.0 = Debug|Any CPU
		{E28642B5-A1BB-47CA-8468-F24B8EC7A9F4}.Release|Any CPU.ActiveCfg = Release|Any CPU
		{E28642B5-A1BB-47CA-8468-F24B8EC7A9F4}.Release|Any CPU.Build.0 = Release|Any CPU
	EndGlobalSection
	GlobalSection(SolutionProperties) = preSolution
		HideSolutionNode = FALSE
	EndGlobalSection
	GlobalSection(ExtensibilityGlobals) = postSolution
		SolutionGuid = {FC9E4F36-C046-4B04-8CEF-98E283A41707}
	EndGlobalSection
EndGlobal
